
Microsoft Visual Studio Solution File, Format Version 12.00
# Visual Studio Version 17
VisualStudioVersion = 17.14.36327.8 d17.14
MinimumVisualStudioVersion = 10.0.40219.1
Project("{FAE04EC0-301F-11D3-BF4B-00C04F79EFBC}") = "TinyMediator", "src\TinyMediator.csproj", "{E6A5C0CF-D363-D49A-DB8D-52CED99403C9}"
EndProject
Project("{FAE04EC0-301F-11D3-BF4B-00C04F79EFBC}") = "TinyMediator.Tests", "tests\TinyMediator.Tests\TinyMediator.Tests.csproj", "{139C8A18-DA7D-E653-16E5-3A5556F0B279}"
EndProject
Global
	GlobalSection(SolutionConfigurationPlatforms) = preSolution
		Debug|Any CPU = Debug|Any CPU
		Release|Any CPU = Release|Any CPU
	EndGlobalSection
	GlobalSection(ProjectConfigurationPlatforms) = postSolution
		{E6A5C0CF-D363-D49A-DB8D-52CED99403C9}.Debug|Any CPU.ActiveCfg = Debug|Any CPU
		{E6A5C0CF-D363-D49A-DB8D-52CED99403C9}.Debug|Any CPU.Build.0 = Debug|Any CPU
		{E6A5C0CF-D363-D49A-DB8D-52CED99403C9}.Release|Any CPU.ActiveCfg = Release|Any CPU
		{E6A5C0CF-D363-D49A-DB8D-52CED99403C9}.Release|Any CPU.Build.0 = Release|Any CPU
		{139C8A18-DA7D-E653-16E5-3A5556F0B279}.Debug|Any CPU.ActiveCfg = Debug|Any CPU
		{139C8A18-DA7D-E653-16E5-3A5556F0B279}.Debug|Any CPU.Build.0 = Debug|Any CPU
		{139C8A18-DA7D-E653-16E5-3A5556F0B279}.Release|Any CPU.ActiveCfg = Release|Any CPU
		{139C8A18-DA7D-E653-16E5-3A5556F0B279}.Release|Any CPU.Build.0 = Release|Any CPU
	EndGlobalSection
	GlobalSection(SolutionProperties) = preSolution
		HideSolutionNode = FALSE
	EndGlobalSection
	GlobalSection(ExtensibilityGlobals) = postSolution
		SolutionGuid = {B0BB9F0D-4383-4900-9261-3858B14783A3}
	EndGlobalSection
EndGlobal
